// !$*UTF8*$!
{
	archiveVersion = 1;
	classes = {
	};
	objectVersion = 46;
	objects = {

/* Begin PBXBuildFile section */
		5BE88CB2200DBEA5001A7930 /* AppDelegate.swift in Sources */ = {isa = PBXBuildFile; fileRef = 5BE88CB1200DBEA5001A7930 /* AppDelegate.swift */; };
		5BE88CB4200DBEA5001A7930 /* ViewController.swift in Sources */ = {isa = PBXBuildFile; fileRef = 5BE88CB3200DBEA5001A7930 /* ViewController.swift */; };
		5BE88CB7200DBEA5001A7930 /* Main.storyboard in Resources */ = {isa = PBXBuildFile; fileRef = 5BE88CB5200DBEA5001A7930 /* Main.storyboard */; };
		5BE88CBA200DBEA5001A7930 /* core_data_demo.xcdatamodeld in Sources */ = {isa = PBXBuildFile; fileRef = 5BE88CB8200DBEA5001A7930 /* core_data_demo.xcdatamodeld */; };
		5BE88CBC200DBEA5001A7930 /* Assets.xcassets in Resources */ = {isa = PBXBuildFile; fileRef = 5BE88CBB200DBEA5001A7930 /* Assets.xcassets */; };
		5BE88CBF200DBEA5001A7930 /* LaunchScreen.storyboard in Resources */ = {isa = PBXBuildFile; fileRef = 5BE88CBD200DBEA5001A7930 /* LaunchScreen.storyboard */; };
		5BE88CCA200DBEA5001A7930 /* core_data_demoTests.swift in Sources */ = {isa = PBXBuildFile; fileRef = 5BE88CC9200DBEA5001A7930 /* core_data_demoTests.swift */; };
		5BE88CD5200DBEA6001A7930 /* core_data_demoUITests.swift in Sources */ = {isa = PBXBuildFile; fileRef = 5BE88CD4200DBEA6001A7930 /* core_data_demoUITests.swift */; };
/* End PBXBuildFile section */

/* Begin PBXContainerItemProxy section */
		5BE88CC6200DBEA5001A7930 /* PBXContainerItemProxy */ = {
			isa = PBXContainerItemProxy;
			containerPortal = 5BE88CA6200DBEA5001A7930 /* Project object */;
			proxyType = 1;
			remoteGlobalIDString = 5BE88CAD200DBEA5001A7930;
			remoteInfo = core_data_demo;
		};
		5BE88CD1200DBEA6001A7930 /* PBXContainerItemProxy */ = {
			isa = PBXContainerItemProxy;
			containerPortal = 5BE88CA6200DBEA5001A7930 /* Project object */;
			proxyType = 1;
			remoteGlobalIDString = 5BE88CAD200DBEA5001A7930;
			remoteInfo = core_data_demo;
		};
/* End PBXContainerItemProxy section */

/* Begin PBXFileReference section */
		5BE88CAE200DBEA5001A7930 /* core_data_demo.app */ = {isa = PBXFileReference; explicitFileType = wrapper.application; includeInIndex = 0; path = core_data_demo.app; sourceTree = BUILT_PRODUCTS_DIR; };
		5BE88CB1200DBEA5001A7930 /* AppDelegate.swift */ = {isa = PBXFileReference; lastKnownFileType = sourcecode.swift; path = AppDelegate.swift; sourceTree = "<group>"; };
		5BE88CB3200DBEA5001A7930 /* ViewController.swift */ = {isa = PBXFileReference; lastKnownFileType = sourcecode.swift; path = ViewController.swift; sourceTree = "<group>"; };
		5BE88CB6200DBEA5001A7930 /* Base */ = {isa = PBXFileReference; lastKnownFileType = file.storyboard; name = Base; path = Base.lproj/Main.storyboard; sourceTree = "<group>"; };
		5BE88CB9200DBEA5001A7930 /* core_data_demo.xcdatamodel */ = {isa = PBXFileReference; lastKnownFileType = wrapper.xcdatamodel; path = core_data_demo.xcdatamodel; sourceTree = "<group>"; };
		5BE88CBB200DBEA5001A7930 /* Assets.xcassets */ = {isa = PBXFileReference; lastKnownFileType = folder.assetcatalog; path = Assets.xcassets; sourceTree = "<group>"; };
		5BE88CBE200DBEA5001A7930 /* Base */ = {isa = PBXFileReference; lastKnownFileType = file.storyboard; name = Base; path = Base.lproj/LaunchScreen.storyboard; sourceTree = "<group>"; };
		5BE88CC0200DBEA5001A7930 /* Info.plist */ = {isa = PBXFileReference; lastKnownFileType = text.plist.xml; path = Info.plist; sourceTree = "<group>"; };
		5BE88CC5200DBEA5001A7930 /* core_data_demoTests.xctest */ = {isa = PBXFileReference; explicitFileType = wrapper.cfbundle; includeInIndex = 0; path = core_data_demoTests.xctest; sourceTree = BUILT_PRODUCTS_DIR; };
		5BE88CC9200DBEA5001A7930 /* core_data_demoTests.swift */ = {isa = PBXFileReference; lastKnownFileType = sourcecode.swift; path = core_data_demoTests.swift; sourceTree = "<group>"; };
		5BE88CCB200DBEA6001A7930 /* Info.plist */ = {isa = PBXFileReference; lastKnownFileType = text.plist.xml; path = Info.plist; sourceTree = "<group>"; };
		5BE88CD0200DBEA6001A7930 /* core_data_demoUITests.xctest */ = {isa = PBXFileReference; explicitFileType = wrapper.cfbundle; includeInIndex = 0; path = core_data_demoUITests.xctest; sourceTree = BUILT_PRODUCTS_DIR; };
		5BE88CD4200DBEA6001A7930 /* core_data_demoUITests.swift */ = {isa = PBXFileReference; lastKnownFileType = sourcecode.swift; path = core_data_demoUITests.swift; sourceTree = "<group>"; };
		5BE88CD6200DBEA6001A7930 /* Info.plist */ = {isa = PBXFileReference; lastKnownFileType = text.plist.xml; path = Info.plist; sourceTree = "<group>"; };
/* End PBXFileReference section */

/* Begin PBXFrameworksBuildPhase section */
		5BE88CAB200DBEA5001A7930 /* Frameworks */ = {
			isa = PBXFrameworksBuildPhase;
			buildActionMask = 2147483647;
			files = (
			);
			runOnlyForDeploymentPostprocessing = 0;
		};
		5BE88CC2200DBEA5001A7930 /* Frameworks */ = {
			isa = PBXFrameworksBuildPhase;
			buildActionMask = 2147483647;
			files = (
			);
			runOnlyForDeploymentPostprocessing = 0;
		};
		5BE88CCD200DBEA6001A7930 /* Frameworks */ = {
			isa = PBXFrameworksBuildPhase;
			buildActionMask = 2147483647;
			files = (
			);
			runOnlyForDeploymentPostprocessing = 0;
		};
/* End PBXFrameworksBuildPhase section */

/* Begin PBXGroup section */
		5BE88CA5200DBEA5001A7930 = {
			isa = PBXGroup;
			children = (
				5BE88CB0200DBEA5001A7930 /* core_data_demo */,
				5BE88CC8200DBEA5001A7930 /* core_data_demoTests */,
				5BE88CD3200DBEA6001A7930 /* core_data_demoUITests */,
				5BE88CAF200DBEA5001A7930 /* Products */,
			);
			sourceTree = "<group>";
		};
		5BE88CAF200DBEA5001A7930 /* Products */ = {
			isa = PBXGroup;
			children = (
				5BE88CAE200DBEA5001A7930 /* core_data_demo.app */,
				5BE88CC5200DBEA5001A7930 /* core_data_demoTests.xctest */,
				5BE88CD0200DBEA6001A7930 /* core_data_demoUITests.xctest */,
			);
			name = Products;
			sourceTree = "<group>";
		};
		5BE88CB0200DBEA5001A7930 /* core_data_demo */ = {
			isa = PBXGroup;
			children = (
				5BE88CB1200DBEA5001A7930 /* AppDelegate.swift */,
				5BE88CB3200DBEA5001A7930 /* ViewController.swift */,
				5BE88CB5200DBEA5001A7930 /* Main.storyboard */,
				5BE88CBB200DBEA5001A7930 /* Assets.xcassets */,
				5BE88CBD200DBEA5001A7930 /* LaunchScreen.storyboard */,
				5BE88CC0200DBEA5001A7930 /* Info.plist */,
				5BE88CB8200DBEA5001A7930 /* core_data_demo.xcdatamodeld */,
			);
			path = core_data_demo;
			sourceTree = "<group>";
		};
		5BE88CC8200DBEA5001A7930 /* core_data_demoTests */ = {
			isa = PBXGroup;
			children = (
				5BE88CC9200DBEA5001A7930 /* core_data_demoTests.swift */,
				5BE88CCB200DBEA6001A7930 /* Info.plist */,
			);
			path = core_data_demoTests;
			sourceTree = "<group>";
		};
		5BE88CD3200DBEA6001A7930 /* core_data_demoUITests */ = {
			isa = PBXGroup;
			children = (
				5BE88CD4200DBEA6001A7930 /* core_data_demoUITests.swift */,
				5BE88CD6200DBEA6001A7930 /* Info.plist */,
			);
			path = core_data_demoUITests;
			sourceTree = "<group>";
		};
/* End PBXGroup section */

/* Begin PBXNativeTarget section */
		5BE88CAD200DBEA5001A7930 /* core_data_demo */ = {
			isa = PBXNativeTarget;
			buildConfigurationList = 5BE88CD9200DBEA6001A7930 /* Build configuration list for PBXNativeTarget "core_data_demo" */;
			buildPhases = (
				5BE88CAA200DBEA5001A7930 /* Sources */,
				5BE88CAB200DBEA5001A7930 /* Frameworks */,
				5BE88CAC200DBEA5001A7930 /* Resources */,
			);
			buildRules = (
			);
			dependencies = (
			);
			name = core_data_demo;
			productName = core_data_demo;
			productReference = 5BE88CAE200DBEA5001A7930 /* core_data_demo.app */;
			productType = "com.apple.product-type.application";
		};
		5BE88CC4200DBEA5001A7930 /* core_data_demoTests */ = {
			isa = PBXNativeTarget;
			buildConfigurationList = 5BE88CDC200DBEA6001A7930 /* Build configuration list for PBXNativeTarget "core_data_demoTests" */;
			buildPhases = (
				5BE88CC1200DBEA5001A7930 /* Sources */,
				5BE88CC2200DBEA5001A7930 /* Frameworks */,
				5BE88CC3200DBEA5001A7930 /* Resources */,
			);
			buildRules = (
			);
			dependencies = (
				5BE88CC7200DBEA5001A7930 /* PBXTargetDependency */,
			);
			name = core_data_demoTests;
			productName = core_data_demoTests;
			productReference = 5BE88CC5200DBEA5001A7930 /* core_data_demoTests.xctest */;
			productType = "com.apple.product-type.bundle.unit-test";
		};
		5BE88CCF200DBEA6001A7930 /* core_data_demoUITests */ = {
			isa = PBXNativeTarget;
			buildConfigurationList = 5BE88CDF200DBEA6001A7930 /* Build configuration list for PBXNativeTarget "core_data_demoUITests" */;
			buildPhases = (
				5BE88CCC200DBEA6001A7930 /* Sources */,
				5BE88CCD200DBEA6001A7930 /* Frameworks */,
				5BE88CCE200DBEA6001A7930 /* Resources */,
			);
			buildRules = (
			);
			dependencies = (
				5BE88CD2200DBEA6001A7930 /* PBXTargetDependency */,
			);
			name = core_data_demoUITests;
			productName = core_data_demoUITests;
			productReference = 5BE88CD0200DBEA6001A7930 /* core_data_demoUITests.xctest */;
			productType = "com.apple.product-type.bundle.ui-testing";
		};
/* End PBXNativeTarget section */

/* Begin PBXProject section */
		5BE88CA6200DBEA5001A7930 /* Project object */ = {
			isa = PBXProject;
			attributes = {
				LastSwiftUpdateCheck = 0830;
				LastUpgradeCheck = 0830;
				ORGANIZATIONNAME = "Harshul Shah";
				TargetAttributes = {
					5BE88CAD200DBEA5001A7930 = {
						CreatedOnToolsVersion = 8.3.3;
						ProvisioningStyle = Automatic;
					};
					5BE88CC4200DBEA5001A7930 = {
						CreatedOnToolsVersion = 8.3.3;
						ProvisioningStyle = Automatic;
						TestTargetID = 5BE88CAD200DBEA5001A7930;
					};
					5BE88CCF200DBEA6001A7930 = {
						CreatedOnToolsVersion = 8.3.3;
						ProvisioningStyle = Automatic;
						TestTargetID = 5BE88CAD200DBEA5001A7930;
					};
				};
			};
			buildConfigurationList = 5BE88CA9200DBEA5001A7930 /* Build configuration list for PBXProject "core_data_demo" */;
			compatibilityVersion = "Xcode 3.2";
			developmentRegion = English;
			hasScannedForEncodings = 0;
			knownRegions = (
				en,
				Base,
			);
			mainGroup = 5BE88CA5200DBEA5001A7930;
			productRefGroup = 5BE88CAF200DBEA5001A7930 /* Products */;
			projectDirPath = "";
			projectRoot = "";
			targets = (
				5BE88CAD200DBEA5001A7930 /* core_data_demo */,
				5BE88CC4200DBEA5001A7930 /* core_data_demoTests */,
				5BE88CCF200DBEA6001A7930 /* core_data_demoUITests */,
			);
		};
/* End PBXProject section */

/* Begin PBXResourcesBuildPhase section */
		5BE88CAC200DBEA5001A7930 /* Resources */ = {
			isa = PBXResourcesBuildPhase;
			buildActionMask = 2147483647;
			files = (
				5BE88CBF200DBEA5001A7930 /* LaunchScreen.storyboard in Resources */,
				5BE88CBC200DBEA5001A7930 /* Assets.xcassets in Resources */,
				5BE88CB7200DBEA5001A7930 /* Main.storyboard in Resources */,
			);
			runOnlyForDeploymentPostprocessing = 0;
		};
		5BE88CC3200DBEA5001A7930 /* Resources */ = {
			isa = PBXResourcesBuildPhase;
			buildActionMask = 2147483647;
			files = (
			);
			runOnlyForDeploymentPostprocessing = 0;
		};
		5BE88CCE200DBEA6001A7930 /* Resources */ = {
			isa = PBXResourcesBuildPhase;
			buildActionMask = 2147483647;
			files = (
			);
			runOnlyForDeploymentPostprocessing = 0;
		};
/* End PBXResourcesBuildPhase section */

/* Begin PBXSourcesBuildPhase section */
		5BE88CAA200DBEA5001A7930 /* Sources */ = {
			isa = PBXSourcesBuildPhase;
			buildActionMask = 2147483647;
			files = (
				5BE88CB4200DBEA5001A7930 /* ViewController.swift in Sources */,
				5BE88CBA200DBEA5001A7930 /* core_data_demo.xcdatamodeld in Sources */,
				5BE88CB2200DBEA5001A7930 /* AppDelegate.swift in Sources */,
			);
			runOnlyForDeploymentPostprocessing = 0;
		};
		5BE88CC1200DBEA5001A7930 /* Sources */ = {
			isa = PBXSourcesBuildPhase;
			buildActionMask = 2147483647;
			files = (
				5BE88CCA200DBEA5001A7930 /* core_data_demoTests.swift in Sources */,
			);
			runOnlyForDeploymentPostprocessing = 0;
		};
		5BE88CCC200DBEA6001A7930 /* Sources */ = {
			isa = PBXSourcesBuildPhase;
			buildActionMask = 2147483647;
			files = (
				5BE88CD5200DBEA6001A7930 /* core_data_demoUITests.swift in Sources */,
			);
			runOnlyForDeploymentPostprocessing = 0;
		};
/* End PBXSourcesBuildPhase section */

/* Begin PBXTargetDependency section */
		5BE88CC7200DBEA5001A7930 /* PBXTargetDependency */ = {
			isa = PBXTargetDependency;
			target = 5BE88CAD200DBEA5001A7930 /* core_data_demo */;
			targetProxy = 5BE88CC6200DBEA5001A7930 /* PBXContainerItemProxy */;
		};
		5BE88CD2200DBEA6001A7930 /* PBXTargetDependency */ = {
			isa = PBXTargetDependency;
			target = 5BE88CAD200DBEA5001A7930 /* core_data_demo */;
			targetProxy = 5BE88CD1200DBEA6001A7930 /* PBXContainerItemProxy */;
		};
/* End PBXTargetDependency section */

/* Begin PBXVariantGroup section */
		5BE88CB5200DBEA5001A7930 /* Main.storyboard */ = {
			isa = PBXVariantGroup;
			children = (
				5BE88CB6200DBEA5001A7930 /* Base */,
			);
			name = Main.storyboard;
			sourceTree = "<group>";
		};
		5BE88CBD200DBEA5001A7930 /* LaunchScreen.storyboard */ = {
			isa = PBXVariantGroup;
			children = (
				5BE88CBE200DBEA5001A7930 /* Base */,
			);
			name = LaunchScreen.storyboard;
			sourceTree = "<group>";
		};
/* End PBXVariantGroup section */

/* Begin XCBuildConfiguration section */
		5BE88CD7200DBEA6001A7930 /* Debug */ = {
			isa = XCBuildConfiguration;
			buildSettings = {
				ALWAYS_SEARCH_USER_PATHS = NO;
				CLANG_ANALYZER_NONNULL = YES;
				CLANG_ANALYZER_NUMBER_OBJECT_CONVERSION = YES_AGGRESSIVE;
				CLANG_CXX_LANGUAGE_STANDARD = "gnu++0x";
				CLANG_CXX_LIBRARY = "libc++";
				CLANG_ENABLE_MODULES = YES;
				CLANG_ENABLE_OBJC_ARC = YES;
				CLANG_WARN_BOOL_CONVERSION = YES;
				CLANG_WARN_CONSTANT_CONVERSION = YES;
				CLANG_WARN_DIRECT_OBJC_ISA_USAGE = YES_ERROR;
				CLANG_WARN_DOCUMENTATION_COMMENTS = YES;
				CLANG_WARN_EMPTY_BODY = YES;
				CLANG_WARN_ENUM_CONVERSION = YES;
				CLANG_WARN_INFINITE_RECURSION = YES;
				CLANG_WARN_INT_CONVERSION = YES;
				CLANG_WARN_OBJC_ROOT_CLASS = YES_ERROR;
				CLANG_WARN_SUSPICIOUS_MOVE = YES;
				CLANG_WARN_UNREACHABLE_CODE = YES;
				CLANG_WARN__DUPLICATE_METHOD_MATCH = YES;
				"CODE_SIGN_IDENTITY[sdk=iphoneos*]" = "iPhone Developer";
				COPY_PHASE_STRIP = NO;
				DEBUG_INFORMATION_FORMAT = dwarf;
				ENABLE_STRICT_OBJC_MSGSEND = YES;
				ENABLE_TESTABILITY = YES;
				GCC_C_LANGUAGE_STANDARD = gnu99;
				GCC_DYNAMIC_NO_PIC = NO;
				GCC_NO_COMMON_BLOCKS = YES;
				GCC_OPTIMIZATION_LEVEL = 0;
				GCC_PREPROCESSOR_DEFINITIONS = (
					"DEBUG=1",
					"$(inherited)",
				);
				GCC_WARN_64_TO_32_BIT_CONVERSION = YES;
				GCC_WARN_ABOUT_RETURN_TYPE = YES_ERROR;
				GCC_WARN_UNDECLARED_SELECTOR = YES;
				GCC_WARN_UNINITIALIZED_AUTOS = YES_AGGRESSIVE;
				GCC_WARN_UNUSED_FUNCTION = YES;
				GCC_WARN_UNUSED_VARIABLE = YES;
				IPHONEOS_DEPLOYMENT_TARGET = 10.3;
				MTL_ENABLE_DEBUG_INFO = YES;
				ONLY_ACTIVE_ARCH = YES;
				SDKROOT = iphoneos;
				SWIFT_ACTIVE_COMPILATION_CONDITIONS = DEBUG;
				SWIFT_OPTIMIZATION_LEVEL = "-Onone";
			};
			name = Debug;
		};
		5BE88CD8200DBEA6001A7930 /* Release */ = {
			isa = XCBuildConfiguration;
			buildSettings = {
				ALWAYS_SEARCH_USER_PATHS = NO;
				CLANG_ANALYZER_NONNULL = YES;
				CLANG_ANALYZER_NUMBER_OBJECT_CONVERSION = YES_AGGRESSIVE;
				CLANG_CXX_LANGUAGE_STANDARD = "gnu++0x";
				CLANG_CXX_LIBRARY = "libc++";
				CLANG_ENABLE_MODULES = YES;
				CLANG_ENABLE_OBJC_ARC = YES;
				CLANG_WARN_BOOL_CONVERSION = YES;
				CLANG_WARN_CONSTANT_CONVERSION = YES;
				CLANG_WARN_DIRECT_OBJC_ISA_USAGE = YES_ERROR;
				CLANG_WARN_DOCUMENTATION_COMMENTS = YES;
				CLANG_WARN_EMPTY_BODY = YES;
				CLANG_WARN_ENUM_CONVERSION = YES;
				CLANG_WARN_INFINITE_RECURSION = YES;
				CLANG_WARN_INT_CONVERSION = YES;
				CLANG_WARN_OBJC_ROOT_CLASS = YES_ERROR;
				CLANG_WARN_SUSPICIOUS_MOVE = YES;
				CLANG_WARN_UNREACHABLE_CODE = YES;
				CLANG_WARN__DUPLICATE_METHOD_MATCH = YES;
				"CODE_SIGN_IDENTITY[sdk=iphoneos*]" = "iPhone Developer";
				COPY_PHASE_STRIP = NO;
				DEBUG_INFORMATION_FORMAT = "dwarf-with-dsym";
				ENABLE_NS_ASSERTIONS = NO;
				ENABLE_STRICT_OBJC_MSGSEND = YES;
				GCC_C_LANGUAGE_STANDARD = gnu99;
				GCC_NO_COMMON_BLOCKS = YES;
				GCC_WARN_64_TO_32_BIT_CONVERSION = YES;
				GCC_WARN_ABOUT_RETURN_TYPE = YES_ERROR;
				GCC_WARN_UNDECLARED_SELECTOR = YES;
				GCC_WARN_UNINITIALIZED_AUTOS = YES_AGGRESSIVE;
				GCC_WARN_UNUSED_FUNCTION = YES;
				GCC_WARN_UNUSED_VARIABLE = YES;
				IPHONEOS_DEPLOYMENT_TARGET = 10.3;
				MTL_ENABLE_DEBUG_INFO = NO;
				SDKROOT = iphoneos;
				SWIFT_OPTIMIZATION_LEVEL = "-Owholemodule";
				VALIDATE_PRODUCT = YES;
			};
			name = Release;
		};
		5BE88CDA200DBEA6001A7930 /* Debug */ = {
			isa = XCBuildConfiguration;
			buildSettings = {
				ASSETCATALOG_COMPILER_APPICON_NAME = AppIcon;
				INFOPLIST_FILE = core_data_demo/Info.plist;
				LD_RUNPATH_SEARCH_PATHS = "$(inherited) @executable_path/Frameworks";
				PRODUCT_BUNDLE_IDENTIFIER = "com.css.core-data-demo";
				PRODUCT_NAME = "$(TARGET_NAME)";
				SWIFT_VERSION = 3.0;
			};
			name = Debug;
		};
		5BE88CDB200DBEA6001A7930 /* Release */ = {
			isa = XCBuildConfiguration;
			buildSettings = {
				ASSETCATALOG_COMPILER_APPICON_NAME = AppIcon;
				INFOPLIST_FILE = core_data_demo/Info.plist;
				LD_RUNPATH_SEARCH_PATHS = "$(inherited) @executable_path/Frameworks";
				PRODUCT_BUNDLE_IDENTIFIER = "com.css.core-data-demo";
				PRODUCT_NAME = "$(TARGET_NAME)";
				SWIFT_VERSION = 3.0;
			};
			name = Release;
		};
		5BE88CDD200DBEA6001A7930 /* Debug */ = {
			isa = XCBuildConfiguration;
			buildSettings = {
				ALWAYS_EMBED_SWIFT_STANDARD_LIBRARIES = YES;
				BUNDLE_LOADER = "$(TEST_HOST)";
				INFOPLIST_FILE = core_data_demoTests/Info.plist;
				LD_RUNPATH_SEARCH_PATHS = "$(inherited) @executable_path/Frameworks @loader_path/Frameworks";
				PRODUCT_BUNDLE_IDENTIFIER = "com.css.core-data-demoTests";
				PRODUCT_NAME = "$(TARGET_NAME)";
				SWIFT_VERSION = 3.0;
				TEST_HOST = "$(BUILT_PRODUCTS_DIR)/core_data_demo.app/core_data_demo";
			};
			name = Debug;
		};
		5BE88CDE200DBEA6001A7930 /* Release */ = {
			isa = XCBuildConfiguration;
			buildSettings = {
				ALWAYS_EMBED_SWIFT_STANDARD_LIBRARIES = YES;
				BUNDLE_LOADER = "$(TEST_HOST)";
				INFOPLIST_FILE = core_data_demoTests/Info.plist;
				LD_RUNPATH_SEARCH_PATHS = "$(inherited) @executable_path/Frameworks @loader_path/Frameworks";
				PRODUCT_BUNDLE_IDENTIFIER = "com.css.core-data-demoTests";
				PRODUCT_NAME = "$(TARGET_NAME)";
				SWIFT_VERSION = 3.0;
				TEST_HOST = "$(BUILT_PRODUCTS_DIR)/core_data_demo.app/core_data_demo";
			};
			name = Release;
		};
		5BE88CE0200DBEA6001A7930 /* Debug */ = {
			isa = XCBuildConfiguration;
			buildSettings = {
				ALWAYS_EMBED_SWIFT_STANDARD_LIBRARIES = YES;
				INFOPLIST_FILE = core_data_demoUITests/Info.plist;
				LD_RUNPATH_SEARCH_PATHS = "$(inherited) @executable_path/Frameworks @loader_path/Frameworks";
				PRODUCT_BUNDLE_IDENTIFIER = "com.css.core-data-demoUITests";
				PRODUCT_NAME = "$(TARGET_NAME)";
				SWIFT_VERSION = 3.0;
				TEST_TARGET_NAME = core_data_demo;
			};
			name = Debug;
		};
		5BE88CE1200DBEA6001A7930 /* Release */ = {
			isa = XCBuildConfiguration;
			buildSettings = {
				ALWAYS_EMBED_SWIFT_STANDARD_LIBRARIES = YES;
				INFOPLIST_FILE = core_data_demoUITests/Info.plist;
				LD_RUNPATH_SEARCH_PATHS = "$(inherited) @executable_path/Frameworks @loader_path/Frameworks";
				PRODUCT_BUNDLE_IDENTIFIER = "com.css.core-data-demoUITests";
				PRODUCT_NAME = "$(TARGET_NAME)";
				SWIFT_VERSION = 3.0;
				TEST_TARGET_NAME = core_data_demo;
			};
			name = Release;
		};
/* End XCBuildConfiguration section */

/* Begin XCConfigurationList section */
		5BE88CA9200DBEA5001A7930 /* Build configuration list for PBXProject "core_data_demo" */ = {
			isa = XCConfigurationList;
			buildConfigurations = (
				5BE88CD7200DBEA6001A7930 /* Debug */,
				5BE88CD8200DBEA6001A7930 /* Release */,
			);
			defaultConfigurationIsVisible = 0;
			defaultConfigurationName = Release;
		};
		5BE88CD9200DBEA6001A7930 /* Build configuration list for PBXNativeTarget "core_data_demo" */ = {
			isa = XCConfigurationList;
			buildConfigurations = (
				5BE88CDA200DBEA6001A7930 /* Debug */,
				5BE88CDB200DBEA6001A7930 /* Release */,
			);
			defaultConfigurationIsVisible = 0;
		};
		5BE88CDC200DBEA6001A7930 /* Build configuration list for PBXNativeTarget "core_data_demoTests" */ = {
			isa = XCConfigurationList;
			buildConfigurations = (
				5BE88CDD200DBEA6001A7930 /* Debug */,
				5BE88CDE200DBEA6001A7930 /* Release */,
			);
			defaultConfigurationIsVisible = 0;
		};
		5BE88CDF200DBEA6001A7930 /* Build configuration list for PBXNativeTarget "core_data_demoUITests" */ = {
			isa = XCConfigurationList;
			buildConfigurations = (
				5BE88CE0200DBEA6001A7930 /* Debug */,
				5BE88CE1200DBEA6001A7930 /* Release */,
			);
			defaultConfigurationIsVisible = 0;
		};
/* End XCConfigurationList section */

/* Begin XCVersionGroup section */
		5BE88CB8200DBEA5001A7930 /* core_data_demo.xcdatamodeld */ = {
			isa = XCVersionGroup;
			children = (
				5BE88CB9200DBEA5001A7930 /* core_data_demo.xcdatamodel */,
			);
			currentVersion = 5BE88CB9200DBEA5001A7930 /* core_data_demo.xcdatamodel */;
			path = core_data_demo.xcdatamodeld;
			sourceTree = "<group>";
			versionGroupType = wrapper.xcdatamodel;
		};
/* End XCVersionGroup section */
	};
	rootObject = 5BE88CA6200DBEA5001A7930 /* Project object */;
}
